Microsoft Visual Studio Solution File, Format Version 11.00
# Visual Studio 2008

Project("{13E49F5C-3CAA-8B2D-DF2C-1A414ABD9B4B}") = "mages", "Assembly-CSharp.csproj", "{3778F4E7-4A62-E998-E880-A8EFF8D583EE}"
EndProject
Global
	GlobalSection(SolutionConfigurationPlatforms) = preSolution
		Debug|Any CPU = Debug|Any CPU
		Release|Any CPU = Release|Any CPU
	EndGlobalSection
	GlobalSection(ProjectConfigurationPlatforms) = postSolution
		{3778F4E7-4A62-E998-E880-A8EFF8D583EE}.Debug|Any CPU.ActiveCfg = Debug|Any CPU
		{3778F4E7-4A62-E998-E880-A8EFF8D583EE}.Debug|Any CPU.Build.0 = Debug|Any CPU
		{3778F4E7-4A62-E998-E880-A8EFF8D583EE}.Release|Any CPU.ActiveCfg = Release|Any CPU
		{3778F4E7-4A62-E998-E880-A8EFF8D583EE}.Release|Any CPU.Build.0 = Release|Any CPU
	EndGlobalSection
	GlobalSection(SolutionProperties) = preSolution
		HideSolutionNode = FALSE
	EndGlobalSection
	GlobalSection(MonoDevelopProperties) = preSolution
		StartupItem = Assembly-CSharp.csproj
	EndGlobalSection
EndGlobal
