Microsoft Visual Studio Solution File, Format Version 11.00
# Visual Studio 2010
Project("{E097FAD1-6243-4DAD-9C02-E9B9EFC3FFC1}") = "Assembly-CSharp", "Assembly-CSharp.csproj", "{BF0C0EE2-777A-3C85-6E05-7A97391F4190}"
EndProject
Project("{E097FAD1-6243-4DAD-9C02-E9B9EFC3FFC1}") = "Assembly-CSharp-Editor-firstpass", "Assembly-CSharp-Editor-firstpass.csproj", "{E5D5A291-A3A3-2AD1-1925-C3BB367C988D}"
EndProject
Global
	GlobalSection(SolutionConfigurationPlatforms) = preSolution
		Debug|Any CPU = Debug|Any CPU
		Release|Any CPU = Release|Any CPU
	EndGlobalSection
	GlobalSection(ProjectConfigurationPlatforms) = postSolution
		{BF0C0EE2-777A-3C85-6E05-7A97391F4190}.Debug|Any CPU.ActiveCfg = Debug|Any CPU
		{BF0C0EE2-777A-3C85-6E05-7A97391F4190}.Debug|Any CPU.Build.0 = Debug|Any CPU
		{BF0C0EE2-777A-3C85-6E05-7A97391F4190}.Release|Any CPU.ActiveCfg = Release|Any CPU
		{BF0C0EE2-777A-3C85-6E05-7A97391F4190}.Release|Any CPU.Build.0 = Release|Any CPU
		{E5D5A291-A3A3-2AD1-1925-C3BB367C988D}.Debug|Any CPU.ActiveCfg = Debug|Any CPU
		{E5D5A291-A3A3-2AD1-1925-C3BB367C988D}.Debug|Any CPU.Build.0 = Debug|Any CPU
		{E5D5A291-A3A3-2AD1-1925-C3BB367C988D}.Release|Any CPU.ActiveCfg = Release|Any CPU
		{E5D5A291-A3A3-2AD1-1925-C3BB367C988D}.Release|Any CPU.Build.0 = Release|Any CPU
	EndGlobalSection
	GlobalSection(SolutionProperties) = preSolution
		HideSolutionNode = FALSE
	EndGlobalSection
	GlobalSection(MonoDevelopProperties) = preSolution
		StartupItem = Assembly-CSharp.csproj
	EndGlobalSection
EndGlobal
